
Microsoft Visual Studio Solution File, Format Version 12.00
# Visual Studio 2013
VisualStudioVersion = 12.0.30723.0
MinimumVisualStudioVersion = 10.0.40219.1
Project("{FAE04EC0-301F-11D3-BF4B-00C04F79EFBC}") = "ContactApp", "ContactApp\ContactApp.csproj", "{117DCD8A-68B8-4F86-824C-29232987DDEC}"
EndProject
Project("{FAE04EC0-301F-11D3-BF4B-00C04F79EFBC}") = "ContactPortableLib", "ContactPortableLib\ContactPortableLib.csproj", "{0681FBC1-D3CB-4782-9677-33FBC3800CB6}"
EndProject
Project("{FAE04EC0-301F-11D3-BF4B-00C04F79EFBC}") = "ContactLib", "ContactLib\ContactLib.csproj", "{66711762-B3B9-4BE4-AA3F-3C87EA697840}"
EndProject
Global
	GlobalSection(SolutionConfigurationPlatforms) = preSolution
		Debug|Any CPU = Debug|Any CPU
		Release|Any CPU = Release|Any CPU
	EndGlobalSection
	GlobalSection(ProjectConfigurationPlatforms) = postSolution
		{117DCD8A-68B8-4F86-824C-29232987DDEC}.Debug|Any CPU.ActiveCfg = Debug|Any CPU
		{117DCD8A-68B8-4F86-824C-29232987DDEC}.Debug|Any CPU.Build.0 = Debug|Any CPU
		{117DCD8A-68B8-4F86-824C-29232987DDEC}.Release|Any CPU.ActiveCfg = Release|Any CPU
		{117DCD8A-68B8-4F86-824C-29232987DDEC}.Release|Any CPU.Build.0 = Release|Any CPU
		{0681FBC1-D3CB-4782-9677-33FBC3800CB6}.Debug|Any CPU.ActiveCfg = Debug|Any CPU
		{0681FBC1-D3CB-4782-9677-33FBC3800CB6}.Debug|Any CPU.Build.0 = Debug|Any CPU
		{0681FBC1-D3CB-4782-9677-33FBC3800CB6}.Release|Any CPU.ActiveCfg = Release|Any CPU
		{0681FBC1-D3CB-4782-9677-33FBC3800CB6}.Release|Any CPU.Build.0 = Release|Any CPU
		{66711762-B3B9-4BE4-AA3F-3C87EA697840}.Debug|Any CPU.ActiveCfg = Debug|Any CPU
		{66711762-B3B9-4BE4-AA3F-3C87EA697840}.Debug|Any CPU.Build.0 = Debug|Any CPU
		{66711762-B3B9-4BE4-AA3F-3C87EA697840}.Release|Any CPU.ActiveCfg = Release|Any CPU
		{66711762-B3B9-4BE4-AA3F-3C87EA697840}.Release|Any CPU.Build.0 = Release|Any CPU
	EndGlobalSection
	GlobalSection(SolutionProperties) = preSolution
		HideSolutionNode = FALSE
	EndGlobalSection
EndGlobal
